// !$*UTF8*$!
{
	archiveVersion = 1;
	classes = {
	};
	objectVersion = 46;
	objects = {

/* Begin PBXBuildFile section */
		0B16D7CAAB7C224060EDB57A /* Pods_yanshaniOSTests.framework in Frameworks */ = {isa = PBXBuildFile; fileRef = A06E4A9CF0331DE8D47AE1A8 /* Pods_yanshaniOSTests.framework */; };
		5135D98B58F79BA0D21BFEB2 /* Pods_yanshaniOSUITests.framework in Frameworks */ = {isa = PBXBuildFile; fileRef = E631F904FD22CCE043526828 /* Pods_yanshaniOSUITests.framework */; };
		641B3FE91F850EE600BF029E /* YSBaseViewController.m in Sources */ = {isa = PBXBuildFile; fileRef = 641B3FE81F850EE600BF029E /* YSBaseViewController.m */; };
		641B3FED1F850F8A00BF029E /* YSHomeViewController.m in Sources */ = {isa = PBXBuildFile; fileRef = 641B3FEC1F850F8A00BF029E /* YSHomeViewController.m */; };
		641B3FF51F85119300BF029E /* YSShopViewController.m in Sources */ = {isa = PBXBuildFile; fileRef = 641B3FF41F85119300BF029E /* YSShopViewController.m */; };
		641B3FF81F85119E00BF029E /* YSRecordViewController.m in Sources */ = {isa = PBXBuildFile; fileRef = 641B3FF71F85119E00BF029E /* YSRecordViewController.m */; };
		641B3FFB1F8511AC00BF029E /* YSMeViewController.m in Sources */ = {isa = PBXBuildFile; fileRef = 641B3FFA1F8511AC00BF029E /* YSMeViewController.m */; };
		641B3FFE1F88BEEE00BF029E /* YSCommonViewController.m in Sources */ = {isa = PBXBuildFile; fileRef = 641B3FFD1F88BEEE00BF029E /* YSCommonViewController.m */; };
		641B40021F89C68100BF029E /* YSClassViewCell.m in Sources */ = {isa = PBXBuildFile; fileRef = 641B40011F89C68100BF029E /* YSClassViewCell.m */; };
		641B40051F89C69000BF029E /* YSNewsViewCell.m in Sources */ = {isa = PBXBuildFile; fileRef = 641B40041F89C69000BF029E /* YSNewsViewCell.m */; };
		641B40921F8A3B0500BF029E /* FSPageControl.swift in Sources */ = {isa = PBXBuildFile; fileRef = 641B408B1F8A3B0500BF029E /* FSPageControl.swift */; };
		641B40931F8A3B0500BF029E /* FSPagerCollectionView.swift in Sources */ = {isa = PBXBuildFile; fileRef = 641B408C1F8A3B0500BF029E /* FSPagerCollectionView.swift */; };
		641B40941F8A3B0500BF029E /* FSPagerView.swift in Sources */ = {isa = PBXBuildFile; fileRef = 641B408D1F8A3B0500BF029E /* FSPagerView.swift */; };
		641B40951F8A3B0500BF029E /* FSPagerViewCell.swift in Sources */ = {isa = PBXBuildFile; fileRef = 641B408E1F8A3B0500BF029E /* FSPagerViewCell.swift */; };
		641B40961F8A3B0500BF029E /* FSPagerViewLayoutAttributes.swift in Sources */ = {isa = PBXBuildFile; fileRef = 641B408F1F8A3B0500BF029E /* FSPagerViewLayoutAttributes.swift */; };
		641B40971F8A3B0500BF029E /* FSPageViewLayout.swift in Sources */ = {isa = PBXBuildFile; fileRef = 641B40901F8A3B0500BF029E /* FSPageViewLayout.swift */; };
		641B40981F8A3B0500BF029E /* FSPageViewTransformer.swift in Sources */ = {isa = PBXBuildFile; fileRef = 641B40911F8A3B0500BF029E /* FSPageViewTransformer.swift */; };
		641B409C1F8BA93500BF029E /* YSHomeReusableView.m in Sources */ = {isa = PBXBuildFile; fileRef = 641B409B1F8BA93500BF029E /* YSHomeReusableView.m */; };
		641B409F1F8D0EB000BF029E /* YSClassViewController.m in Sources */ = {isa = PBXBuildFile; fileRef = 641B409E1F8D0EB000BF029E /* YSClassViewController.m */; };
		641B40A21F8D0F8700BF029E /* YSClassDetailViewController.m in Sources */ = {isa = PBXBuildFile; fileRef = 641B40A11F8D0F8700BF029E /* YSClassDetailViewController.m */; };
		643D259A1F77FE640034131C /* main.m in Sources */ = {isa = PBXBuildFile; fileRef = 643D25991F77FE640034131C /* main.m */; };
		643D259D1F77FE640034131C /* AppDelegate.m in Sources */ = {isa = PBXBuildFile; fileRef = 643D259C1F77FE640034131C /* AppDelegate.m */; };
		643D25A31F77FE640034131C /* Main.storyboard in Resources */ = {isa = PBXBuildFile; fileRef = 643D25A11F77FE640034131C /* Main.storyboard */; };
		643D25A51F77FE640034131C /* Assets.xcassets in Resources */ = {isa = PBXBuildFile; fileRef = 643D25A41F77FE640034131C /* Assets.xcassets */; };
		643D25A81F77FE640034131C /* LaunchScreen.storyboard in Resources */ = {isa = PBXBuildFile; fileRef = 643D25A61F77FE640034131C /* LaunchScreen.storyboard */; };
		643D25B31F77FE640034131C /* yanshaniOSTests.m in Sources */ = {isa = PBXBuildFile; fileRef = 643D25B21F77FE640034131C /* yanshaniOSTests.m */; };
		643D25BE1F77FE640034131C /* yanshaniOSUITests.m in Sources */ = {isa = PBXBuildFile; fileRef = 643D25BD1F77FE640034131C /* yanshaniOSUITests.m */; };
		64BDEA991FC104110036CD8E /* YSBaseView.m in Sources */ = {isa = PBXBuildFile; fileRef = 64BDEA981FC104110036CD8E /* YSBaseView.m */; };
		64BDEA9C1FC104290036CD8E /* YSBaseTableView.m in Sources */ = {isa = PBXBuildFile; fileRef = 64BDEA9B1FC104290036CD8E /* YSBaseTableView.m */; };
		64BDEA9F1FC104440036CD8E /* YSBaseCollectionView.m in Sources */ = {isa = PBXBuildFile; fileRef = 64BDEA9E1FC104440036CD8E /* YSBaseCollectionView.m */; };
		64BDEAA21FC1045E0036CD8E /* YSBaseScrollView.m in Sources */ = {isa = PBXBuildFile; fileRef = 64BDEAA11FC1045E0036CD8E /* YSBaseScrollView.m */; };
		64BDEAAA1FC10DF70036CD8E /* bannerplaceholder@2x.png in Resources */ = {isa = PBXBuildFile; fileRef = 64BDEAA71FC10DF60036CD8E /* bannerplaceholder@2x.png */; };
		64BDEAAB1FC10DF70036CD8E /* bannerplaceholder@3x.png in Resources */ = {isa = PBXBuildFile; fileRef = 64BDEAA81FC10DF70036CD8E /* bannerplaceholder@3x.png */; };
		64BDEAAC1FC10DF70036CD8E /* bannerplaceholder.png in Resources */ = {isa = PBXBuildFile; fileRef = 64BDEAA91FC10DF70036CD8E /* bannerplaceholder.png */; };
		64BDEAB01FC110190036CD8E /* YSLoginViewController.m in Sources */ = {isa = PBXBuildFile; fileRef = 64BDEAAF1FC110190036CD8E /* YSLoginViewController.m */; };
		64BDEAC01FC156800036CD8E /* message@2x.png in Resources */ = {isa = PBXBuildFile; fileRef = 64BDEAB71FC156800036CD8E /* message@2x.png */; };
		64BDEAC11FC156800036CD8E /* qiandao@2x.png in Resources */ = {isa = PBXBuildFile; fileRef = 64BDEAB81FC156800036CD8E /* qiandao@2x.png */; };
		64BDEAC21FC156800036CD8E /* qiandao@3x.png in Resources */ = {isa = PBXBuildFile; fileRef = 64BDEAB91FC156800036CD8E /* qiandao@3x.png */; };
		64BDEAC31FC156800036CD8E /* setting@3x.png in Resources */ = {isa = PBXBuildFile; fileRef = 64BDEABA1FC156800036CD8E /* setting@3x.png */; };
		64BDEAC41FC156800036CD8E /* qiandao.png in Resources */ = {isa = PBXBuildFile; fileRef = 64BDEABB1FC156800036CD8E /* qiandao.png */; };
		64BDEAC51FC156800036CD8E /* message.png in Resources */ = {isa = PBXBuildFile; fileRef = 64BDEABC1FC156800036CD8E /* message.png */; };
		64BDEAC61FC156800036CD8E /* setting@2x.png in Resources */ = {isa = PBXBuildFile; fileRef = 64BDEABD1FC156800036CD8E /* setting@2x.png */; };
		64BDEAC71FC156800036CD8E /* message@3x.png in Resources */ = {isa = PBXBuildFile; fileRef = 64BDEABE1FC156800036CD8E /* message@3x.png */; };
		64BDEAC81FC156800036CD8E /* setting.png in Resources */ = {isa = PBXBuildFile; fileRef = 64BDEABF1FC156800036CD8E /* setting.png */; };
		64BDEACC1FC19D350036CD8E /* headericon@3x.png in Resources */ = {isa = PBXBuildFile; fileRef = 64BDEAC91FC19D340036CD8E /* headericon@3x.png */; };
		64BDEACD1FC19D350036CD8E /* headericon.png in Resources */ = {isa = PBXBuildFile; fileRef = 64BDEACA1FC19D340036CD8E /* headericon.png */; };
		64BDEACE1FC19D350036CD8E /* headericon@2x.png in Resources */ = {isa = PBXBuildFile; fileRef = 64BDEACB1FC19D340036CD8E /* headericon@2x.png */; };
		64BDEAD21FC19EBF0036CD8E /* rightgraybackicon.png in Resources */ = {isa = PBXBuildFile; fileRef = 64BDEACF1FC19EBF0036CD8E /* rightgraybackicon.png */; };
		64BDEAD31FC19EBF0036CD8E /* rightgraybackicon@2x.png in Resources */ = {isa = PBXBuildFile; fileRef = 64BDEAD01FC19EBF0036CD8E /* rightgraybackicon@2x.png */; };
		64BDEAD41FC19EBF0036CD8E /* rightgraybackicon@3x.png in Resources */ = {isa = PBXBuildFile; fileRef = 64BDEAD11FC19EBF0036CD8E /* rightgraybackicon@3x.png */; };
		64BDEADB1FC1A3FB0036CD8E /* YSTableViewController.m in Sources */ = {isa = PBXBuildFile; fileRef = 64BDEAD91FC1A3FB0036CD8E /* YSTableViewController.m */; };
		64BDEAE51FC1A5EC0036CD8E /* YSUserSettingViewController.m in Sources */ = {isa = PBXBuildFile; fileRef = 64BDEAE31FC1A5EC0036CD8E /* YSUserSettingViewController.m */; };
		64BDEAE61FC1A5EC0036CD8E /* YSUserSettingViewController.xib in Resources */ = {isa = PBXBuildFile; fileRef = 64BDEAE41FC1A5EC0036CD8E /* YSUserSettingViewController.xib */; };
		64BDEAEA1FC1BA510036CD8E /* UITableViewCell+YSCustomCell.m in Sources */ = {isa = PBXBuildFile; fileRef = 64BDEAE91FC1BA510036CD8E /* UITableViewCell+YSCustomCell.m */; };
		64BDEAED1FC1BBE80036CD8E /* UIViewController+YSCustomNavigationBar.m in Sources */ = {isa = PBXBuildFile; fileRef = 64BDEAEC1FC1BBE80036CD8E /* UIViewController+YSCustomNavigationBar.m */; };
		64BDEAF11FC1BDAB0036CD8E /* navbackicon@3x.png in Resources */ = {isa = PBXBuildFile; fileRef = 64BDEAEE1FC1BDAA0036CD8E /* navbackicon@3x.png */; };
		64BDEAF21FC1BDAB0036CD8E /* navbackicon.png in Resources */ = {isa = PBXBuildFile; fileRef = 64BDEAEF1FC1BDAA0036CD8E /* navbackicon.png */; };
		64BDEAF31FC1BDAB0036CD8E /* navbackicon@2x.png in Resources */ = {isa = PBXBuildFile; fileRef = 64BDEAF01FC1BDAA0036CD8E /* navbackicon@2x.png */; };
		64BDEAF71FC1BFF20036CD8E /* YSQianDaoViewController.m in Sources */ = {isa = PBXBuildFile; fileRef = 64BDEAF51FC1BFF20036CD8E /* YSQianDaoViewController.m */; };
		64BDEAF81FC1BFF20036CD8E /* YSQianDaoViewController.xib in Resources */ = {isa = PBXBuildFile; fileRef = 64BDEAF61FC1BFF20036CD8E /* YSQianDaoViewController.xib */; };
		64BDEAFC1FC1C0800036CD8E /* qiandaobgicon@3x.png in Resources */ = {isa = PBXBuildFile; fileRef = 64BDEAF91FC1C0800036CD8E /* qiandaobgicon@3x.png */; };
		64BDEAFD1FC1C0800036CD8E /* qiandaobgicon@2x.png in Resources */ = {isa = PBXBuildFile; fileRef = 64BDEAFA1FC1C0800036CD8E /* qiandaobgicon@2x.png */; };
		64BDEAFE1FC1C0800036CD8E /* qiandaobgicon.png in Resources */ = {isa = PBXBuildFile; fileRef = 64BDEAFB1FC1C0800036CD8E /* qiandaobgicon.png */; };
		64BDEB021FC1C8A70036CD8E /* whitecircle@3x.png in Resources */ = {isa = PBXBuildFile; fileRef = 64BDEAFF1FC1C8A60036CD8E /* whitecircle@3x.png */; };
		64BDEB031FC1C8A70036CD8E /* whitecircle@2x.png in Resources */ = {isa = PBXBuildFile; fileRef = 64BDEB001FC1C8A60036CD8E /* whitecircle@2x.png */; };
		64BDEB041FC1C8A70036CD8E /* whitecircle.png in Resources */ = {isa = PBXBuildFile; fileRef = 64BDEB011FC1C8A60036CD8E /* whitecircle.png */; };
		EEF8566575651070F0F05E1B /* Pods_yanshaniOS.framework in Frameworks */ = {isa = PBXBuildFile; fileRef = 8CA53791F39B6ED02D97192B /* Pods_yanshaniOS.framework */; };
/* End PBXBuildFile section */

/* Begin PBXContainerItemProxy section */
		643D25AF1F77FE640034131C /* PBXContainerItemProxy */ = {
			isa = PBXContainerItemProxy;
			containerPortal = 643D258D1F77FE630034131C /* Project object */;
			proxyType = 1;
			remoteGlobalIDString = 643D25941F77FE630034131C;
			remoteInfo = yanshaniOS;
		};
		643D25BA1F77FE640034131C /* PBXContainerItemProxy */ = {
			isa = PBXContainerItemProxy;
			containerPortal = 643D258D1F77FE630034131C /* Project object */;
			proxyType = 1;
			remoteGlobalIDString = 643D25941F77FE630034131C;
			remoteInfo = yanshaniOS;
		};
/* End PBXContainerItemProxy section */

/* Begin PBXFileReference section */
		3E8A9A68D17669E0E9873C98 /* Pods-yanshaniOSUITests.release.xcconfig */ = {isa = PBXFileReference; includeInIndex = 1; lastKnownFileType = text.xcconfig; name = "Pods-yanshaniOSUITests.release.xcconfig"; path = "Pods/Target Support Files/Pods-yanshaniOSUITests/Pods-yanshaniOSUITests.release.xcconfig"; sourceTree = "<group>"; };
		641B3FE71F850EE600BF029E /* YSBaseViewController.h */ = {isa = PBXFileReference; fileEncoding = 4; lastKnownFileType = sourcecode.c.h; path = YSBaseViewController.h; sourceTree = "<group>"; };
		641B3FE81F850EE600BF029E /* YSBaseViewController.m */ = {isa = PBXFileReference; fileEncoding = 4; lastKnownFileType = sourcecode.c.objc; path = YSBaseViewController.m; sourceTree = "<group>"; };
		641B3FEB1F850F8A00BF029E /* YSHomeViewController.h */ = {isa = PBXFileReference; fileEncoding = 4; lastKnownFileType = sourcecode.c.h; path = YSHomeViewController.h; sourceTree = "<group>"; };
		641B3FEC1F850F8A00BF029E /* YSHomeViewController.m */ = {isa = PBXFileReference; fileEncoding = 4; lastKnownFileType = sourcecode.c.objc; path = YSHomeViewController.m; sourceTree = "<group>"; };
		641B3FF31F85119300BF029E /* YSShopViewController.h */ = {isa = PBXFileReference; fileEncoding = 4; lastKnownFileType = sourcecode.c.h; path = YSShopViewController.h; sourceTree = "<group>"; };
		641B3FF41F85119300BF029E /* YSShopViewController.m */ = {isa = PBXFileReference; fileEncoding = 4; lastKnownFileType = sourcecode.c.objc; path = YSShopViewController.m; sourceTree = "<group>"; };
		641B3FF61F85119E00BF029E /* YSRecordViewController.h */ = {isa = PBXFileReference; fileEncoding = 4; lastKnownFileType = sourcecode.c.h; path = YSRecordViewController.h; sourceTree = "<group>"; };
		641B3FF71F85119E00BF029E /* YSRecordViewController.m */ = {isa = PBXFileReference; fileEncoding = 4; lastKnownFileType = sourcecode.c.objc; path = YSRecordViewController.m; sourceTree = "<group>"; };
		641B3FF91F8511AC00BF029E /* YSMeViewController.h */ = {isa = PBXFileReference; fileEncoding = 4; lastKnownFileType = sourcecode.c.h; path = YSMeViewController.h; sourceTree = "<group>"; };
		641B3FFA1F8511AC00BF029E /* YSMeViewController.m */ = {isa = PBXFileReference; fileEncoding = 4; lastKnownFileType = sourcecode.c.objc; path = YSMeViewController.m; sourceTree = "<group>"; };
		641B3FFC1F88BEEE00BF029E /* YSCommonViewController.h */ = {isa = PBXFileReference; fileEncoding = 4; lastKnownFileType = sourcecode.c.h; path = YSCommonViewController.h; sourceTree = "<group>"; };
		641B3FFD1F88BEEE00BF029E /* YSCommonViewController.m */ = {isa = PBXFileReference; fileEncoding = 4; lastKnownFileType = sourcecode.c.objc; path = YSCommonViewController.m; sourceTree = "<group>"; };
		641B40001F89C68100BF029E /* YSClassViewCell.h */ = {isa = PBXFileReference; fileEncoding = 4; lastKnownFileType = sourcecode.c.h; path = YSClassViewCell.h; sourceTree = "<group>"; };
		641B40011F89C68100BF029E /* YSClassViewCell.m */ = {isa = PBXFileReference; fileEncoding = 4; lastKnownFileType = sourcecode.c.objc; path = YSClassViewCell.m; sourceTree = "<group>"; };
		641B40031F89C69000BF029E /* YSNewsViewCell.h */ = {isa = PBXFileReference; fileEncoding = 4; lastKnownFileType = sourcecode.c.h; path = YSNewsViewCell.h; sourceTree = "<group>"; };
		641B40041F89C69000BF029E /* YSNewsViewCell.m */ = {isa = PBXFileReference; fileEncoding = 4; lastKnownFileType = sourcecode.c.objc; path = YSNewsViewCell.m; sourceTree = "<group>"; };
		641B40061F89C93500BF029E /* Yanshan-Prefix.pch */ = {isa = PBXFileReference; lastKnownFileType = sourcecode.c.h; path = "Yanshan-Prefix.pch"; sourceTree = "<group>"; };
		641B40071F89C96D00BF029E /* CommonMacro.h */ = {isa = PBXFileReference; lastKnownFileType = sourcecode.c.h; path = CommonMacro.h; sourceTree = "<group>"; };
		641B40771F8A354D00BF029E /* yanshaniOS-Bridging-Header.h */ = {isa = PBXFileReference; fileEncoding = 4; lastKnownFileType = sourcecode.c.h; path = "yanshaniOS-Bridging-Header.h"; sourceTree = "<group>"; };
		641B408B1F8A3B0500BF029E /* FSPageControl.swift */ = {isa = PBXFileReference; fileEncoding = 4; lastKnownFileType = sourcecode.swift; path = FSPageControl.swift; sourceTree = "<group>"; };
		641B408C1F8A3B0500BF029E /* FSPagerCollectionView.swift */ = {isa = PBXFileReference; fileEncoding = 4; lastKnownFileType = sourcecode.swift; path = FSPagerCollectionView.swift; sourceTree = "<group>"; };
		641B408D1F8A3B0500BF029E /* FSPagerView.swift */ = {isa = PBXFileReference; fileEncoding = 4; lastKnownFileType = sourcecode.swift; path = FSPagerView.swift; sourceTree = "<group>"; };
		641B408E1F8A3B0500BF029E /* FSPagerViewCell.swift */ = {isa = PBXFileReference; fileEncoding = 4; lastKnownFileType = sourcecode.swift; path = FSPagerViewCell.swift; sourceTree = "<group>"; };
		641B408F1F8A3B0500BF029E /* FSPagerViewLayoutAttributes.swift */ = {isa = PBXFileReference; fileEncoding = 4; lastKnownFileType = sourcecode.swift; path = FSPagerViewLayoutAttributes.swift; sourceTree = "<group>"; };
		641B40901F8A3B0500BF029E /* FSPageViewLayout.swift */ = {isa = PBXFileReference; fileEncoding = 4; lastKnownFileType = sourcecode.swift; path = FSPageViewLayout.swift; sourceTree = "<group>"; };
		641B40911F8A3B0500BF029E /* FSPageViewTransformer.swift */ = {isa = PBXFileReference; fileEncoding = 4; lastKnownFileType = sourcecode.swift; path = FSPageViewTransformer.swift; sourceTree = "<group>"; };
		641B409A1F8BA93500BF029E /* YSHomeReusableView.h */ = {isa = PBXFileReference; fileEncoding = 4; lastKnownFileType = sourcecode.c.h; path = YSHomeReusableView.h; sourceTree = "<group>"; };
		641B409B1F8BA93500BF029E /* YSHomeReusableView.m */ = {isa = PBXFileReference; fileEncoding = 4; lastKnownFileType = sourcecode.c.objc; path = YSHomeReusableView.m; sourceTree = "<group>"; };
		641B409D1F8D0EB000BF029E /* YSClassViewController.h */ = {isa = PBXFileReference; fileEncoding = 4; lastKnownFileType = sourcecode.c.h; path = YSClassViewController.h; sourceTree = "<group>"; };
		641B409E1F8D0EB000BF029E /* YSClassViewController.m */ = {isa = PBXFileReference; fileEncoding = 4; lastKnownFileType = sourcecode.c.objc; path = YSClassViewController.m; sourceTree = "<group>"; };
		641B40A01F8D0F8700BF029E /* YSClassDetailViewController.h */ = {isa = PBXFileReference; fileEncoding = 4; lastKnownFileType = sourcecode.c.h; path = YSClassDetailViewController.h; sourceTree = "<group>"; };
		641B40A11F8D0F8700BF029E /* YSClassDetailViewController.m */ = {isa = PBXFileReference; fileEncoding = 4; lastKnownFileType = sourcecode.c.objc; path = YSClassDetailViewController.m; sourceTree = "<group>"; };
		643D25951F77FE630034131C /* yanshaniOS.app */ = {isa = PBXFileReference; explicitFileType = wrapper.application; includeInIndex = 0; path = yanshaniOS.app; sourceTree = BUILT_PRODUCTS_DIR; };
		643D25991F77FE640034131C /* main.m */ = {isa = PBXFileReference; lastKnownFileType = sourcecode.c.objc; path = main.m; sourceTree = "<group>"; };
		643D259B1F77FE640034131C /* AppDelegate.h */ = {isa = PBXFileReference; lastKnownFileType = sourcecode.c.h; path = AppDelegate.h; sourceTree = "<group>"; };
		643D259C1F77FE640034131C /* AppDelegate.m */ = {isa = PBXFileReference; lastKnownFileType = sourcecode.c.objc; path = AppDelegate.m; sourceTree = "<group>"; };
		643D25A21F77FE640034131C /* Base */ = {isa = PBXFileReference; lastKnownFileType = file.storyboard; name = Base; path = Base.lproj/Main.storyboard; sourceTree = "<group>"; };
		643D25A41F77FE640034131C /* Assets.xcassets */ = {isa = PBXFileReference; lastKnownFileType = folder.assetcatalog; path = Assets.xcassets; sourceTree = "<group>"; };
		643D25A71F77FE640034131C /* Base */ = {isa = PBXFileReference; lastKnownFileType = file.storyboard; name = Base; path = Base.lproj/LaunchScreen.storyboard; sourceTree = "<group>"; };
		643D25A91F77FE640034131C /* Info.plist */ = {isa = PBXFileReference; lastKnownFileType = text.plist.xml; path = Info.plist; sourceTree = "<group>"; };
		643D25AE1F77FE640034131C /* yanshaniOSTests.xctest */ = {isa = PBXFileReference; explicitFileType = wrapper.cfbundle; includeInIndex = 0; path = yanshaniOSTests.xctest; sourceTree = BUILT_PRODUCTS_DIR; };
		643D25B21F77FE640034131C /* yanshaniOSTests.m */ = {isa = PBXFileReference; lastKnownFileType = sourcecode.c.objc; path = yanshaniOSTests.m; sourceTree = "<group>"; };
		643D25B41F77FE640034131C /* Info.plist */ = {isa = PBXFileReference; lastKnownFileType = text.plist.xml; path = Info.plist; sourceTree = "<group>"; };
		643D25B91F77FE640034131C /* yanshaniOSUITests.xctest */ = {isa = PBXFileReference; explicitFileType = wrapper.cfbundle; includeInIndex = 0; path = yanshaniOSUITests.xctest; sourceTree = BUILT_PRODUCTS_DIR; };
		643D25BD1F77FE640034131C /* yanshaniOSUITests.m */ = {isa = PBXFileReference; lastKnownFileType = sourcecode.c.objc; path = yanshaniOSUITests.m; sourceTree = "<group>"; };
		643D25BF1F77FE640034131C /* Info.plist */ = {isa = PBXFileReference; lastKnownFileType = text.plist.xml; path = Info.plist; sourceTree = "<group>"; };
		64BDEA971FC104110036CD8E /* YSBaseView.h */ = {isa = PBXFileReference; lastKnownFileType = sourcecode.c.h; path = YSBaseView.h; sourceTree = "<group>"; };
		64BDEA981FC104110036CD8E /* YSBaseView.m */ = {isa = PBXFileReference; lastKnownFileType = sourcecode.c.objc; path = YSBaseView.m; sourceTree = "<group>"; };
		64BDEA9A1FC104290036CD8E /* YSBaseTableView.h */ = {isa = PBXFileReference; lastKnownFileType = sourcecode.c.h; path = YSBaseTableView.h; sourceTree = "<group>"; };
		64BDEA9B1FC104290036CD8E /* YSBaseTableView.m */ = {isa = PBXFileReference; lastKnownFileType = sourcecode.c.objc; path = YSBaseTableView.m; sourceTree = "<group>"; };
		64BDEA9D1FC104440036CD8E /* YSBaseCollectionView.h */ = {isa = PBXFileReference; lastKnownFileType = sourcecode.c.h; path = YSBaseCollectionView.h; sourceTree = "<group>"; };
		64BDEA9E1FC104440036CD8E /* YSBaseCollectionView.m */ = {isa = PBXFileReference; lastKnownFileType = sourcecode.c.objc; path = YSBaseCollectionView.m; sourceTree = "<group>"; };
		64BDEAA01FC1045E0036CD8E /* YSBaseScrollView.h */ = {isa = PBXFileReference; lastKnownFileType = sourcecode.c.h; path = YSBaseScrollView.h; sourceTree = "<group>"; };
		64BDEAA11FC1045E0036CD8E /* YSBaseScrollView.m */ = {isa = PBXFileReference; lastKnownFileType = sourcecode.c.objc; path = YSBaseScrollView.m; sourceTree = "<group>"; };
		64BDEAA31FC104CA0036CD8E /* BaseView-Header.h */ = {isa = PBXFileReference; lastKnownFileType = sourcecode.c.h; path = "BaseView-Header.h"; sourceTree = "<group>"; };
		64BDEAA71FC10DF60036CD8E /* bannerplaceholder@2x.png */ = {isa = PBXFileReference; lastKnownFileType = image.png; path = "bannerplaceholder@2x.png"; sourceTree = "<group>"; };
		64BDEAA81FC10DF70036CD8E /* bannerplaceholder@3x.png */ = {isa = PBXFileReference; lastKnownFileType = image.png; path = "bannerplaceholder@3x.png"; sourceTree = "<group>"; };
		64BDEAA91FC10DF70036CD8E /* bannerplaceholder.png */ = {isa = PBXFileReference; lastKnownFileType = image.png; path = bannerplaceholder.png; sourceTree = "<group>"; };
		64BDEAAE1FC110190036CD8E /* YSLoginViewController.h */ = {isa = PBXFileReference; lastKnownFileType = sourcecode.c.h; path = YSLoginViewController.h; sourceTree = "<group>"; };
		64BDEAAF1FC110190036CD8E /* YSLoginViewController.m */ = {isa = PBXFileReference; lastKnownFileType = sourcecode.c.objc; path = YSLoginViewController.m; sourceTree = "<group>"; };
		64BDEAB51FC12A210036CD8E /* Header-Header.h */ = {isa = PBXFileReference; lastKnownFileType = sourcecode.c.h; path = "Header-Header.h"; sourceTree = "<group>"; };
		64BDEAB71FC156800036CD8E /* message@2x.png */ = {isa = PBXFileReference; lastKnownFileType = image.png; path = "message@2x.png"; sourceTree = "<group>"; };
		64BDEAB81FC156800036CD8E /* qiandao@2x.png */ = {isa = PBXFileReference; lastKnownFileType = image.png; path = "qiandao@2x.png"; sourceTree = "<group>"; };
		64BDEAB91FC156800036CD8E /* qiandao@3x.png */ = {isa = PBXFileReference; lastKnownFileType = image.png; path = "qiandao@3x.png"; sourceTree = "<group>"; };
		64BDEABA1FC156800036CD8E /* setting@3x.png */ = {isa = PBXFileReference; lastKnownFileType = image.png; path = "setting@3x.png"; sourceTree = "<group>"; };
		64BDEABB1FC156800036CD8E /* qiandao.png */ = {isa = PBXFileReference; lastKnownFileType = image.png; path = qiandao.png; sourceTree = "<group>"; };
		64BDEABC1FC156800036CD8E /* message.png */ = {isa = PBXFileReference; lastKnownFileType = image.png; path = message.png; sourceTree = "<group>"; };
		64BDEABD1FC156800036CD8E /* setting@2x.png */ = {isa = PBXFileReference; lastKnownFileType = image.png; path = "setting@2x.png"; sourceTree = "<group>"; };
		64BDEABE1FC156800036CD8E /* message@3x.png */ = {isa = PBXFileReference; lastKnownFileType = image.png; path = "message@3x.png"; sourceTree = "<group>"; };
		64BDEABF1FC156800036CD8E /* setting.png */ = {isa = PBXFileReference; lastKnownFileType = image.png; path = setting.png; sourceTree = "<group>"; };
		64BDEAC91FC19D340036CD8E /* headericon@3x.png */ = {isa = PBXFileReference; lastKnownFileType = image.png; path = "headericon@3x.png"; sourceTree = "<group>"; };
		64BDEACA1FC19D340036CD8E /* headericon.png */ = {isa = PBXFileReference; lastKnownFileType = image.png; path = headericon.png; sourceTree = "<group>"; };
		64BDEACB1FC19D340036CD8E /* headericon@2x.png */ = {isa = PBXFileReference; lastKnownFileType = image.png; path = "headericon@2x.png"; sourceTree = "<group>"; };
		64BDEACF1FC19EBF0036CD8E /* rightgraybackicon.png */ = {isa = PBXFileReference; lastKnownFileType = image.png; path = rightgraybackicon.png; sourceTree = "<group>"; };
		64BDEAD01FC19EBF0036CD8E /* rightgraybackicon@2x.png */ = {isa = PBXFileReference; lastKnownFileType = image.png; path = "rightgraybackicon@2x.png"; sourceTree = "<group>"; };
		64BDEAD11FC19EBF0036CD8E /* rightgraybackicon@3x.png */ = {isa = PBXFileReference; lastKnownFileType = image.png; path = "rightgraybackicon@3x.png"; sourceTree = "<group>"; };
		64BDEAD81FC1A3FB0036CD8E /* YSTableViewController.h */ = {isa = PBXFileReference; lastKnownFileType = sourcecode.c.h; path = YSTableViewController.h; sourceTree = "<group>"; };
		64BDEAD91FC1A3FB0036CD8E /* YSTableViewController.m */ = {isa = PBXFileReference; lastKnownFileType = sourcecode.c.objc; path = YSTableViewController.m; sourceTree = "<group>"; };
		64BDEAE21FC1A5EC0036CD8E /* YSUserSettingViewController.h */ = {isa = PBXFileReference; lastKnownFileType = sourcecode.c.h; path = YSUserSettingViewController.h; sourceTree = "<group>"; };
		64BDEAE31FC1A5EC0036CD8E /* YSUserSettingViewController.m */ = {isa = PBXFileReference; lastKnownFileType = sourcecode.c.objc; path = YSUserSettingViewController.m; sourceTree = "<group>"; };
		64BDEAE41FC1A5EC0036CD8E /* YSUserSettingViewController.xib */ = {isa = PBXFileReference; lastKnownFileType = file.xib; path = YSUserSettingViewController.xib; sourceTree = "<group>"; };
		64BDEAE81FC1BA510036CD8E /* UITableViewCell+YSCustomCell.h */ = {isa = PBXFileReference; lastKnownFileType = sourcecode.c.h; path = "UITableViewCell+YSCustomCell.h"; sourceTree = "<group>"; };
		64BDEAE91FC1BA510036CD8E /* UITableViewCell+YSCustomCell.m */ = {isa = PBXFileReference; lastKnownFileType = sourcecode.c.objc; path = "UITableViewCell+YSCustomCell.m"; sourceTree = "<group>"; };
		64BDEAEB1FC1BBE80036CD8E /* UIViewController+YSCustomNavigationBar.h */ = {isa = PBXFileReference; lastKnownFileType = sourcecode.c.h; path = "UIViewController+YSCustomNavigationBar.h"; sourceTree = "<group>"; };
		64BDEAEC1FC1BBE80036CD8E /* UIViewController+YSCustomNavigationBar.m */ = {isa = PBXFileReference; lastKnownFileType = sourcecode.c.objc; path = "UIViewController+YSCustomNavigationBar.m"; sourceTree = "<group>"; };
		64BDEAEE1FC1BDAA0036CD8E /* navbackicon@3x.png */ = {isa = PBXFileReference; lastKnownFileType = image.png; path = "navbackicon@3x.png"; sourceTree = "<group>"; };
		64BDEAEF1FC1BDAA0036CD8E /* navbackicon.png */ = {isa = PBXFileReference; lastKnownFileType = image.png; path = navbackicon.png; sourceTree = "<group>"; };
		64BDEAF01FC1BDAA0036CD8E /* navbackicon@2x.png */ = {isa = PBXFileReference; lastKnownFileType = image.png; path = "navbackicon@2x.png"; sourceTree = "<group>"; };
		64BDEAF41FC1BFF20036CD8E /* YSQianDaoViewController.h */ = {isa = PBXFileReference; lastKnownFileType = sourcecode.c.h; path = YSQianDaoViewController.h; sourceTree = "<group>"; };
		64BDEAF51FC1BFF20036CD8E /* YSQianDaoViewController.m */ = {isa = PBXFileReference; lastKnownFileType = sourcecode.c.objc; path = YSQianDaoViewController.m; sourceTree = "<group>"; };
		64BDEAF61FC1BFF20036CD8E /* YSQianDaoViewController.xib */ = {isa = PBXFileReference; lastKnownFileType = file.xib; path = YSQianDaoViewController.xib; sourceTree = "<group>"; };
		64BDEAF91FC1C0800036CD8E /* qiandaobgicon@3x.png */ = {isa = PBXFileReference; lastKnownFileType = image.png; path = "qiandaobgicon@3x.png"; sourceTree = "<group>"; };
		64BDEAFA1FC1C0800036CD8E /* qiandaobgicon@2x.png */ = {isa = PBXFileReference; lastKnownFileType = image.png; path = "qiandaobgicon@2x.png"; sourceTree = "<group>"; };
		64BDEAFB1FC1C0800036CD8E /* qiandaobgicon.png */ = {isa = PBXFileReference; lastKnownFileType = image.png; path = qiandaobgicon.png; sourceTree = "<group>"; };
		64BDEAFF1FC1C8A60036CD8E /* whitecircle@3x.png */ = {isa = PBXFileReference; lastKnownFileType = image.png; path = "whitecircle@3x.png"; sourceTree = "<group>"; };
		64BDEB001FC1C8A60036CD8E /* whitecircle@2x.png */ = {isa = PBXFileReference; lastKnownFileType = image.png; path = "whitecircle@2x.png"; sourceTree = "<group>"; };
		64BDEB011FC1C8A60036CD8E /* whitecircle.png */ = {isa = PBXFileReference; lastKnownFileType = image.png; path = whitecircle.png; sourceTree = "<group>"; };
		79D74883B565E8E20D168652 /* Pods-yanshaniOSTests.release.xcconfig */ = {isa = PBXFileReference; includeInIndex = 1; lastKnownFileType = text.xcconfig; name = "Pods-yanshaniOSTests.release.xcconfig"; path = "Pods/Target Support Files/Pods-yanshaniOSTests/Pods-yanshaniOSTests.release.xcconfig"; sourceTree = "<group>"; };
		8CA53791F39B6ED02D97192B /* Pods_yanshaniOS.framework */ = {isa = PBXFileReference; explicitFileType = wrapper.framework; includeInIndex = 0; path = Pods_yanshaniOS.framework; sourceTree = BUILT_PRODUCTS_DIR; };
		A06E4A9CF0331DE8D47AE1A8 /* Pods_yanshaniOSTests.framework */ = {isa = PBXFileReference; explicitFileType = wrapper.framework; includeInIndex = 0; path = Pods_yanshaniOSTests.framework; sourceTree = BUILT_PRODUCTS_DIR; };
		C621339A46FED1F152EFC8CB /* Pods-yanshaniOSTests.debug.xcconfig */ = {isa = PBXFileReference; includeInIndex = 1; lastKnownFileType = text.xcconfig; name = "Pods-yanshaniOSTests.debug.xcconfig"; path = "Pods/Target Support Files/Pods-yanshaniOSTests/Pods-yanshaniOSTests.debug.xcconfig"; sourceTree = "<group>"; };
		DBCE5C714E859E4256A7DDF6 /* Pods-yanshaniOSUITests.debug.xcconfig */ = {isa = PBXFileReference; includeInIndex = 1; lastKnownFileType = text.xcconfig; name = "Pods-yanshaniOSUITests.debug.xcconfig"; path = "Pods/Target Support Files/Pods-yanshaniOSUITests/Pods-yanshaniOSUITests.debug.xcconfig"; sourceTree = "<group>"; };
		E631F904FD22CCE043526828 /* Pods_yanshaniOSUITests.framework */ = {isa = PBXFileReference; explicitFileType = wrapper.framework; includeInIndex = 0; path = Pods_yanshaniOSUITests.framework; sourceTree = BUILT_PRODUCTS_DIR; };
		F37D78C9F7746F55FA38638B /* Pods-yanshaniOS.debug.xcconfig */ = {isa = PBXFileReference; includeInIndex = 1; lastKnownFileType = text.xcconfig; name = "Pods-yanshaniOS.debug.xcconfig"; path = "Pods/Target Support Files/Pods-yanshaniOS/Pods-yanshaniOS.debug.xcconfig"; sourceTree = "<group>"; };
		FE772C784DB5C9FB0F3E3D3E /* Pods-yanshaniOS.release.xcconfig */ = {isa = PBXFileReference; includeInIndex = 1; lastKnownFileType = text.xcconfig; name = "Pods-yanshaniOS.release.xcconfig"; path = "Pods/Target Support Files/Pods-yanshaniOS/Pods-yanshaniOS.release.xcconfig"; sourceTree = "<group>"; };
/* End PBXFileReference section */

/* Begin PBXFrameworksBuildPhase section */
		643D25921F77FE630034131C /* Frameworks */ = {
			isa = PBXFrameworksBuildPhase;
			buildActionMask = 2147483647;
			files = (
				EEF8566575651070F0F05E1B /* Pods_yanshaniOS.framework in Frameworks */,
			);
			runOnlyForDeploymentPostprocessing = 0;
		};
		643D25AB1F77FE640034131C /* Frameworks */ = {
			isa = PBXFrameworksBuildPhase;
			buildActionMask = 2147483647;
			files = (
				0B16D7CAAB7C224060EDB57A /* Pods_yanshaniOSTests.framework in Frameworks */,
			);
			runOnlyForDeploymentPostprocessing = 0;
		};
		643D25B61F77FE640034131C /* Frameworks */ = {
			isa = PBXFrameworksBuildPhase;
			buildActionMask = 2147483647;
			files = (
				5135D98B58F79BA0D21BFEB2 /* Pods_yanshaniOSUITests.framework in Frameworks */,
			);
			runOnlyForDeploymentPostprocessing = 0;
		};
/* End PBXFrameworksBuildPhase section */

/* Begin PBXGroup section */
		641B3FE31F83381900BF029E /* YanShanUI */ = {
			isa = PBXGroup;
			children = (
				641B3FE41F83381900BF029E /* Controller */,
				641B3FE51F83381900BF029E /* View */,
			);
			path = YanShanUI;
			sourceTree = "<group>";
		};
		641B3FE41F83381900BF029E /* Controller */ = {
			isa = PBXGroup;
			children = (
				64BDEAAD1FC110020036CD8E /* GSLoginViewController */,
				641B3FF01F8510FA00BF029E /* UserInformationViewControllers */,
				641B3FF11F8510FA00BF029E /* RecordViewControllers */,
				641B3FF21F8510FA00BF029E /* ShopViewControllers */,
				641B3FEA1F850F5300BF029E /* HomeViewControllers */,
				641B3FE61F850ED100BF029E /* BaseViewController */,
			);
			path = Controller;
			sourceTree = "<group>";
		};
		641B3FE51F83381900BF029E /* View */ = {
			isa = PBXGroup;
			children = (
				64BDEA961FC103FB0036CD8E /* BaseView */,
				641B3FFF1F89C60800BF029E /* Cells */,
				641B40991F8BA80A00BF029E /* HomeViews */,
			);
			path = View;
			sourceTree = "<group>";
		};
		641B3FE61F850ED100BF029E /* BaseViewController */ = {
			isa = PBXGroup;
			children = (
				641B3FE71F850EE600BF029E /* YSBaseViewController.h */,
				64BDEAD81FC1A3FB0036CD8E /* YSTableViewController.h */,
				64BDEAD91FC1A3FB0036CD8E /* YSTableViewController.m */,
				641B3FE81F850EE600BF029E /* YSBaseViewController.m */,
				641B3FFC1F88BEEE00BF029E /* YSCommonViewController.h */,
				641B3FFD1F88BEEE00BF029E /* YSCommonViewController.m */,
			);
			path = BaseViewController;
			sourceTree = "<group>";
		};
		641B3FEA1F850F5300BF029E /* HomeViewControllers */ = {
			isa = PBXGroup;
			children = (
				641B3FEB1F850F8A00BF029E /* YSHomeViewController.h */,
				641B3FEC1F850F8A00BF029E /* YSHomeViewController.m */,
				641B409D1F8D0EB000BF029E /* YSClassViewController.h */,
				641B409E1F8D0EB000BF029E /* YSClassViewController.m */,
				641B40A01F8D0F8700BF029E /* YSClassDetailViewController.h */,
				641B40A11F8D0F8700BF029E /* YSClassDetailViewController.m */,
			);
			name = HomeViewControllers;
			path = HomeViewController;
			sourceTree = "<group>";
		};
		641B3FF01F8510FA00BF029E /* UserInformationViewControllers */ = {
			isa = PBXGroup;
			children = (
				641B3FF91F8511AC00BF029E /* YSMeViewController.h */,
				641B3FFA1F8511AC00BF029E /* YSMeViewController.m */,
				64BDEAE21FC1A5EC0036CD8E /* YSUserSettingViewController.h */,
				64BDEAE31FC1A5EC0036CD8E /* YSUserSettingViewController.m */,
				64BDEAE41FC1A5EC0036CD8E /* YSUserSettingViewController.xib */,
				64BDEAF41FC1BFF20036CD8E /* YSQianDaoViewController.h */,
				64BDEAF51FC1BFF20036CD8E /* YSQianDaoViewController.m */,
				64BDEAF61FC1BFF20036CD8E /* YSQianDaoViewController.xib */,
			);
			name = UserInformationViewControllers;
			path = MeViewController;
			sourceTree = "<group>";
		};
		641B3FF11F8510FA00BF029E /* RecordViewControllers */ = {
			isa = PBXGroup;
			children = (
				641B3FF61F85119E00BF029E /* YSRecordViewController.h */,
				641B3FF71F85119E00BF029E /* YSRecordViewController.m */,
			);
			name = RecordViewControllers;
			path = RecordViewController;
			sourceTree = "<group>";
		};
		641B3FF21F8510FA00BF029E /* ShopViewControllers */ = {
			isa = PBXGroup;
			children = (
				641B3FF31F85119300BF029E /* YSShopViewController.h */,
				641B3FF41F85119300BF029E /* YSShopViewController.m */,
			);
			name = ShopViewControllers;
			path = ShopViewController;
			sourceTree = "<group>";
		};
		641B3FFF1F89C60800BF029E /* Cells */ = {
			isa = PBXGroup;
			children = (
				641B40001F89C68100BF029E /* YSClassViewCell.h */,
				641B40011F89C68100BF029E /* YSClassViewCell.m */,
				641B40031F89C69000BF029E /* YSNewsViewCell.h */,
				641B40041F89C69000BF029E /* YSNewsViewCell.m */,
			);
			path = Cells;
			sourceTree = "<group>";
		};
		641B407A1F8A3AE400BF029E /* CommonLibrary */ = {
			isa = PBXGroup;
			children = (
				641B408A1F8A3B0500BF029E /* FSPagerView */,
			);
			path = CommonLibrary;
			sourceTree = "<group>";
		};
		641B408A1F8A3B0500BF029E /* FSPagerView */ = {
			isa = PBXGroup;
			children = (
				641B408B1F8A3B0500BF029E /* FSPageControl.swift */,
				641B408C1F8A3B0500BF029E /* FSPagerCollectionView.swift */,
				641B408D1F8A3B0500BF029E /* FSPagerView.swift */,
				641B408E1F8A3B0500BF029E /* FSPagerViewCell.swift */,
				641B408F1F8A3B0500BF029E /* FSPagerViewLayoutAttributes.swift */,
				641B40901F8A3B0500BF029E /* FSPageViewLayout.swift */,
				641B40911F8A3B0500BF029E /* FSPageViewTransformer.swift */,
			);
			path = FSPagerView;
			sourceTree = "<group>";
		};
		641B40991F8BA80A00BF029E /* HomeViews */ = {
			isa = PBXGroup;
			children = (
				641B409A1F8BA93500BF029E /* YSHomeReusableView.h */,
				641B409B1F8BA93500BF029E /* YSHomeReusableView.m */,
			);
			path = HomeViews;
			sourceTree = "<group>";
		};
		643D258C1F77FE630034131C = {
			isa = PBXGroup;
			children = (
				643D25971F77FE630034131C /* yanshaniOS */,
				643D25B11F77FE640034131C /* yanshaniOSTests */,
				643D25BC1F77FE640034131C /* yanshaniOSUITests */,
				643D25961F77FE630034131C /* Products */,
				6DE35E2133E2605A3233C530 /* Pods */,
				F289F35A669F7C13F523B152 /* Frameworks */,
			);
			sourceTree = "<group>";
		};
		643D25961F77FE630034131C /* Products */ = {
			isa = PBXGroup;
			children = (
				643D25951F77FE630034131C /* yanshaniOS.app */,
				643D25AE1F77FE640034131C /* yanshaniOSTests.xctest */,
				643D25B91F77FE640034131C /* yanshaniOSUITests.xctest */,
			);
			name = Products;
			sourceTree = "<group>";
		};
		643D25971F77FE630034131C /* yanshaniOS */ = {
			isa = PBXGroup;
			children = (
				64BDEAE71FC1BA280036CD8E /* Category */,
				64BDEAA41FC10D9B0036CD8E /* Resources */,
				641B407A1F8A3AE400BF029E /* CommonLibrary */,
				641B3FE31F83381900BF029E /* YanShanUI */,
				643D259B1F77FE640034131C /* AppDelegate.h */,
				643D259C1F77FE640034131C /* AppDelegate.m */,
				643D25A11F77FE640034131C /* Main.storyboard */,
				643D25A41F77FE640034131C /* Assets.xcassets */,
				643D25A61F77FE640034131C /* LaunchScreen.storyboard */,
				643D25A91F77FE640034131C /* Info.plist */,
				643D25981F77FE640034131C /* Supporting Files */,
			);
			path = yanshaniOS;
			sourceTree = "<group>";
		};
		643D25981F77FE640034131C /* Supporting Files */ = {
			isa = PBXGroup;
			children = (
				641B40771F8A354D00BF029E /* yanshaniOS-Bridging-Header.h */,
				643D25991F77FE640034131C /* main.m */,
				641B40061F89C93500BF029E /* Yanshan-Prefix.pch */,
				641B40071F89C96D00BF029E /* CommonMacro.h */,
				64BDEAA31FC104CA0036CD8E /* BaseView-Header.h */,
				64BDEAB51FC12A210036CD8E /* Header-Header.h */,
			);
			name = "Supporting Files";
			sourceTree = "<group>";
		};
		643D25B11F77FE640034131C /* yanshaniOSTests */ = {
			isa = PBXGroup;
			children = (
				643D25B21F77FE640034131C /* yanshaniOSTests.m */,
				643D25B41F77FE640034131C /* Info.plist */,
			);
			path = yanshaniOSTests;
			sourceTree = "<group>";
		};
		643D25BC1F77FE640034131C /* yanshaniOSUITests */ = {
			isa = PBXGroup;
			children = (
				643D25BD1F77FE640034131C /* yanshaniOSUITests.m */,
				643D25BF1F77FE640034131C /* Info.plist */,
			);
			path = yanshaniOSUITests;
			sourceTree = "<group>";
		};
		64BDEA961FC103FB0036CD8E /* BaseView */ = {
			isa = PBXGroup;
			children = (
				64BDEA9D1FC104440036CD8E /* YSBaseCollectionView.h */,
				64BDEA9E1FC104440036CD8E /* YSBaseCollectionView.m */,
				64BDEAA01FC1045E0036CD8E /* YSBaseScrollView.h */,
				64BDEAA11FC1045E0036CD8E /* YSBaseScrollView.m */,
				64BDEA9A1FC104290036CD8E /* YSBaseTableView.h */,
				64BDEA9B1FC104290036CD8E /* YSBaseTableView.m */,
				64BDEA971FC104110036CD8E /* YSBaseView.h */,
				64BDEA981FC104110036CD8E /* YSBaseView.m */,
			);
			path = BaseView;
			sourceTree = "<group>";
		};
		64BDEAA41FC10D9B0036CD8E /* Resources */ = {
			isa = PBXGroup;
			children = (
				64BDEAB61FC156150036CD8E /* User */,
				64BDEAA61FC10DD60036CD8E /* CommonImage */,
				64BDEAA51FC10DD60036CD8E /* HomeImage */,
			);
			path = Resources;
			sourceTree = "<group>";
		};
		64BDEAA51FC10DD60036CD8E /* HomeImage */ = {
			isa = PBXGroup;
			children = (
			);
			path = HomeImage;
			sourceTree = "<group>";
		};
		64BDEAA61FC10DD60036CD8E /* CommonImage */ = {
			isa = PBXGroup;
			children = (
				64BDEB011FC1C8A60036CD8E /* whitecircle.png */,
				64BDEB001FC1C8A60036CD8E /* whitecircle@2x.png */,
				64BDEAFF1FC1C8A60036CD8E /* whitecircle@3x.png */,
				64BDEAEF1FC1BDAA0036CD8E /* navbackicon.png */,
				64BDEAF01FC1BDAA0036CD8E /* navbackicon@2x.png */,
				64BDEAEE1FC1BDAA0036CD8E /* navbackicon@3x.png */,
				64BDEACF1FC19EBF0036CD8E /* rightgraybackicon.png */,
				64BDEAD01FC19EBF0036CD8E /* rightgraybackicon@2x.png */,
				64BDEAD11FC19EBF0036CD8E /* rightgraybackicon@3x.png */,
				64BDEAA91FC10DF70036CD8E /* bannerplaceholder.png */,
				64BDEAA71FC10DF60036CD8E /* bannerplaceholder@2x.png */,
				64BDEAA81FC10DF70036CD8E /* bannerplaceholder@3x.png */,
			);
			path = CommonImage;
			sourceTree = "<group>";
		};
		64BDEAAD1FC110020036CD8E /* GSLoginViewController */ = {
			isa = PBXGroup;
			children = (
				64BDEAAE1FC110190036CD8E /* YSLoginViewController.h */,
				64BDEAAF1FC110190036CD8E /* YSLoginViewController.m */,
			);
			path = GSLoginViewController;
			sourceTree = "<group>";
		};
		64BDEAB61FC156150036CD8E /* User */ = {
			isa = PBXGroup;
			children = (
				64BDEAFB1FC1C0800036CD8E /* qiandaobgicon.png */,
				64BDEAFA1FC1C0800036CD8E /* qiandaobgicon@2x.png */,
				64BDEAF91FC1C0800036CD8E /* qiandaobgicon@3x.png */,
				64BDEACA1FC19D340036CD8E /* headericon.png */,
				64BDEACB1FC19D340036CD8E /* headericon@2x.png */,
				64BDEAC91FC19D340036CD8E /* headericon@3x.png */,
				64BDEABC1FC156800036CD8E /* message.png */,
				64BDEAB71FC156800036CD8E /* message@2x.png */,
				64BDEABE1FC156800036CD8E /* message@3x.png */,
				64BDEABB1FC156800036CD8E /* qiandao.png */,
				64BDEAB81FC156800036CD8E /* qiandao@2x.png */,
				64BDEAB91FC156800036CD8E /* qiandao@3x.png */,
				64BDEABF1FC156800036CD8E /* setting.png */,
				64BDEABD1FC156800036CD8E /* setting@2x.png */,
				64BDEABA1FC156800036CD8E /* setting@3x.png */,
			);
			path = User;
			sourceTree = "<group>";
		};
		64BDEAE71FC1BA280036CD8E /* Category */ = {
			isa = PBXGroup;
			children = (
				64BDEAE81FC1BA510036CD8E /* UITableViewCell+YSCustomCell.h */,
				64BDEAE91FC1BA510036CD8E /* UITableViewCell+YSCustomCell.m */,
				64BDEAEB1FC1BBE80036CD8E /* UIViewController+YSCustomNavigationBar.h */,
				64BDEAEC1FC1BBE80036CD8E /* UIViewController+YSCustomNavigationBar.m */,
			);
			path = Category;
			sourceTree = "<group>";
		};
		6DE35E2133E2605A3233C530 /* Pods */ = {
			isa = PBXGroup;
			children = (
				F37D78C9F7746F55FA38638B /* Pods-yanshaniOS.debug.xcconfig */,
				FE772C784DB5C9FB0F3E3D3E /* Pods-yanshaniOS.release.xcconfig */,
				C621339A46FED1F152EFC8CB /* Pods-yanshaniOSTests.debug.xcconfig */,
				79D74883B565E8E20D168652 /* Pods-yanshaniOSTests.release.xcconfig */,
				DBCE5C714E859E4256A7DDF6 /* Pods-yanshaniOSUITests.debug.xcconfig */,
				3E8A9A68D17669E0E9873C98 /* Pods-yanshaniOSUITests.release.xcconfig */,
			);
			name = Pods;
			sourceTree = "<group>";
		};
		F289F35A669F7C13F523B152 /* Frameworks */ = {
			isa = PBXGroup;
			children = (
				8CA53791F39B6ED02D97192B /* Pods_yanshaniOS.framework */,
				A06E4A9CF0331DE8D47AE1A8 /* Pods_yanshaniOSTests.framework */,
				E631F904FD22CCE043526828 /* Pods_yanshaniOSUITests.framework */,
			);
			name = Frameworks;
			sourceTree = "<group>";
		};
/* End PBXGroup section */

/* Begin PBXNativeTarget section */
		643D25941F77FE630034131C /* yanshaniOS */ = {
			isa = PBXNativeTarget;
			buildConfigurationList = 643D25C21F77FE640034131C /* Build configuration list for PBXNativeTarget "yanshaniOS" */;
			buildPhases = (
				33D4F8D00185D3CC5CB070C2 /* [CP] Check Pods Manifest.lock */,
				643D25911F77FE630034131C /* Sources */,
				643D25921F77FE630034131C /* Frameworks */,
				643D25931F77FE630034131C /* Resources */,
				E39C9E8FAB52F8ACE40CC282 /* [CP] Embed Pods Frameworks */,
				0011C72E5FD18D403FEA1B78 /* [CP] Copy Pods Resources */,
			);
			buildRules = (
			);
			dependencies = (
			);
			name = yanshaniOS;
			productName = yanshaniOS;
			productReference = 643D25951F77FE630034131C /* yanshaniOS.app */;
			productType = "com.apple.product-type.application";
		};
		643D25AD1F77FE640034131C /* yanshaniOSTests */ = {
			isa = PBXNativeTarget;
			buildConfigurationList = 643D25C51F77FE640034131C /* Build configuration list for PBXNativeTarget "yanshaniOSTests" */;
			buildPhases = (
				4F111A603DCFD44265998112 /* [CP] Check Pods Manifest.lock */,
				643D25AA1F77FE640034131C /* Sources */,
				643D25AB1F77FE640034131C /* Frameworks */,
				643D25AC1F77FE640034131C /* Resources */,
				967FFFCB247A4972FB1F5A8F /* [CP] Embed Pods Frameworks */,
				55767325E4883055FCE67CD3 /* [CP] Copy Pods Resources */,
			);
			buildRules = (
			);
			dependencies = (
				643D25B01F77FE640034131C /* PBXTargetDependency */,
			);
			name = yanshaniOSTests;
			productName = yanshaniOSTests;
			productReference = 643D25AE1F77FE640034131C /* yanshaniOSTests.xctest */;
			productType = "com.apple.product-type.bundle.unit-test";
		};
		643D25B81F77FE640034131C /* yanshaniOSUITests */ = {
			isa = PBXNativeTarget;
			buildConfigurationList = 643D25C81F77FE640034131C /* Build configuration list for PBXNativeTarget "yanshaniOSUITests" */;
			buildPhases = (
				B4BA243AA4955FACD8D9FC1B /* [CP] Check Pods Manifest.lock */,
				643D25B51F77FE640034131C /* Sources */,
				643D25B61F77FE640034131C /* Frameworks */,
				643D25B71F77FE640034131C /* Resources */,
				8D0682462F5E179F2A687D35 /* [CP] Embed Pods Frameworks */,
				AC3AE6E41BA889801481D589 /* [CP] Copy Pods Resources */,
			);
			buildRules = (
			);
			dependencies = (
				643D25BB1F77FE640034131C /* PBXTargetDependency */,
			);
			name = yanshaniOSUITests;
			productName = yanshaniOSUITests;
			productReference = 643D25B91F77FE640034131C /* yanshaniOSUITests.xctest */;
			productType = "com.apple.product-type.bundle.ui-testing";
		};
/* End PBXNativeTarget section */

/* Begin PBXProject section */
		643D258D1F77FE630034131C /* Project object */ = {
			isa = PBXProject;
			attributes = {
				CLASSPREFIX = YS;
				LastUpgradeCheck = 0830;
				ORGANIZATIONNAME = jiandai;
				TargetAttributes = {
					643D25941F77FE630034131C = {
						CreatedOnToolsVersion = 8.3.1;
						DevelopmentTeam = W2DLPX35T5;
						LastSwiftMigration = 0830;
						ProvisioningStyle = Automatic;
					};
					643D25AD1F77FE640034131C = {
						CreatedOnToolsVersion = 8.3.1;
						DevelopmentTeam = W2DLPX35T5;
						ProvisioningStyle = Automatic;
						TestTargetID = 643D25941F77FE630034131C;
					};
					643D25B81F77FE640034131C = {
						CreatedOnToolsVersion = 8.3.1;
						DevelopmentTeam = W2DLPX35T5;
						ProvisioningStyle = Automatic;
						TestTargetID = 643D25941F77FE630034131C;
					};
				};
			};
			buildConfigurationList = 643D25901F77FE630034131C /* Build configuration list for PBXProject "yanshaniOS" */;
			compatibilityVersion = "Xcode 3.2";
			developmentRegion = English;
			hasScannedForEncodings = 0;
			knownRegions = (
				en,
				Base,
			);
			mainGroup = 643D258C1F77FE630034131C;
			productRefGroup = 643D25961F77FE630034131C /* Products */;
			projectDirPath = "";
			projectRoot = "";
			targets = (
				643D25941F77FE630034131C /* yanshaniOS */,
				643D25AD1F77FE640034131C /* yanshaniOSTests */,
				643D25B81F77FE640034131C /* yanshaniOSUITests */,
			);
		};
/* End PBXProject section */

/* Begin PBXResourcesBuildPhase section */
		643D25931F77FE630034131C /* Resources */ = {
			isa = PBXResourcesBuildPhase;
			buildActionMask = 2147483647;
			files = (
				64BDEAC11FC156800036CD8E /* qiandao@2x.png in Resources */,
				64BDEB021FC1C8A70036CD8E /* whitecircle@3x.png in Resources */,
				64BDEACC1FC19D350036CD8E /* headericon@3x.png in Resources */,
				64BDEAFC1FC1C0800036CD8E /* qiandaobgicon@3x.png in Resources */,
				643D25A81F77FE640034131C /* LaunchScreen.storyboard in Resources */,
				64BDEAAB1FC10DF70036CD8E /* bannerplaceholder@3x.png in Resources */,
				64BDEACE1FC19D350036CD8E /* headericon@2x.png in Resources */,
				643D25A51F77FE640034131C /* Assets.xcassets in Resources */,
				64BDEAF81FC1BFF20036CD8E /* YSQianDaoViewController.xib in Resources */,
				64BDEAFD1FC1C0800036CD8E /* qiandaobgicon@2x.png in Resources */,
				64BDEAC31FC156800036CD8E /* setting@3x.png in Resources */,
				64BDEAC01FC156800036CD8E /* message@2x.png in Resources */,
				64BDEAE61FC1A5EC0036CD8E /* YSUserSettingViewController.xib in Resources */,
				64BDEAD31FC19EBF0036CD8E /* rightgraybackicon@2x.png in Resources */,
				64BDEAC61FC156800036CD8E /* setting@2x.png in Resources */,
				64BDEAF31FC1BDAB0036CD8E /* navbackicon@2x.png in Resources */,
				64BDEB031FC1C8A70036CD8E /* whitecircle@2x.png in Resources */,
				64BDEAAA1FC10DF70036CD8E /* bannerplaceholder@2x.png in Resources */,
				64BDEAD41FC19EBF0036CD8E /* rightgraybackicon@3x.png in Resources */,
				64BDEAC81FC156800036CD8E /* setting.png in Resources */,
				643D25A31F77FE640034131C /* Main.storyboard in Resources */,
				64BDEB041FC1C8A70036CD8E /* whitecircle.png in Resources */,
				64BDEAC41FC156800036CD8E /* qiandao.png in Resources */,
				64BDEAC21FC156800036CD8E /* qiandao@3x.png in Resources */,
				64BDEAF21FC1BDAB0036CD8E /* navbackicon.png in Resources */,
				64BDEAC71FC156800036CD8E /* message@3x.png in Resources */,
				64BDEAAC1FC10DF70036CD8E /* bannerplaceholder.png in Resources */,
				64BDEAC51FC156800036CD8E /* message.png in Resources */,
				64BDEAF11FC1BDAB0036CD8E /* navbackicon@3x.png in Resources */,
				64BDEAFE1FC1C0800036CD8E /* qiandaobgicon.png in Resources */,
				64BDEACD1FC19D350036CD8E /* headericon.png in Resources */,
				64BDEAD21FC19EBF0036CD8E /* rightgraybackicon.png in Resources */,
			);
			runOnlyForDeploymentPostprocessing = 0;
		};
		643D25AC1F77FE640034131C /* Resources */ = {
			isa = PBXResourcesBuildPhase;
			buildActionMask = 2147483647;
			files = (
			);
			runOnlyForDeploymentPostprocessing = 0;
		};
		643D25B71F77FE640034131C /* Resources */ = {
			isa = PBXResourcesBuildPhase;
			buildActionMask = 2147483647;
			files = (
			);
			runOnlyForDeploymentPostprocessing = 0;
		};
/* End PBXResourcesBuildPhase section */

/* Begin PBXShellScriptBuildPhase section */
		0011C72E5FD18D403FEA1B78 /* [CP] Copy Pods Resources */ = {
			isa = PBXShellScriptBuildPhase;
			buildActionMask = 2147483647;
			files = (
			);
			inputPaths = (
			);
			name = "[CP] Copy Pods Resources";
			outputPaths = (
			);
			runOnlyForDeploymentPostprocessing = 0;
			shellPath = /bin/sh;
			shellScript = "\"${SRCROOT}/Pods/Target Support Files/Pods-yanshaniOS/Pods-yanshaniOS-resources.sh\"\n";
			showEnvVarsInLog = 0;
		};
		33D4F8D00185D3CC5CB070C2 /* [CP] Check Pods Manifest.lock */ = {
			isa = PBXShellScriptBuildPhase;
			buildActionMask = 2147483647;
			files = (
			);
			inputPaths = (
			);
			name = "[CP] Check Pods Manifest.lock";
			outputPaths = (
			);
			runOnlyForDeploymentPostprocessing = 0;
			shellPath = /bin/sh;
			shellScript = "diff \"${PODS_PODFILE_DIR_PATH}/Podfile.lock\" \"${PODS_ROOT}/Manifest.lock\" > /dev/null\nif [ $? != 0 ] ; then\n    # print error to STDERR\n    echo \"error: The sandbox is not in sync with the Podfile.lock. Run 'pod install' or update your CocoaPods installation.\" >&2\n    exit 1\nfi\n";
			showEnvVarsInLog = 0;
		};
		4F111A603DCFD44265998112 /* [CP] Check Pods Manifest.lock */ = {
			isa = PBXShellScriptBuildPhase;
			buildActionMask = 2147483647;
			files = (
			);
			inputPaths = (
			);
			name = "[CP] Check Pods Manifest.lock";
			outputPaths = (
			);
			runOnlyForDeploymentPostprocessing = 0;
			shellPath = /bin/sh;
			shellScript = "diff \"${PODS_PODFILE_DIR_PATH}/Podfile.lock\" \"${PODS_ROOT}/Manifest.lock\" > /dev/null\nif [ $? != 0 ] ; then\n    # print error to STDERR\n    echo \"error: The sandbox is not in sync with the Podfile.lock. Run 'pod install' or update your CocoaPods installation.\" >&2\n    exit 1\nfi\n";
			showEnvVarsInLog = 0;
		};
		55767325E4883055FCE67CD3 /* [CP] Copy Pods Resources */ = {
			isa = PBXShellScriptBuildPhase;
			buildActionMask = 2147483647;
			files = (
			);
			inputPaths = (
			);
			name = "[CP] Copy Pods Resources";
			outputPaths = (
			);
			runOnlyForDeploymentPostprocessing = 0;
			shellPath = /bin/sh;
			shellScript = "\"${SRCROOT}/Pods/Target Support Files/Pods-yanshaniOSTests/Pods-yanshaniOSTests-resources.sh\"\n";
			showEnvVarsInLog = 0;
		};
		8D0682462F5E179F2A687D35 /* [CP] Embed Pods Frameworks */ = {
			isa = PBXShellScriptBuildPhase;
			buildActionMask = 2147483647;
			files = (
			);
			inputPaths = (
			);
			name = "[CP] Embed Pods Frameworks";
			outputPaths = (
			);
			runOnlyForDeploymentPostprocessing = 0;
			shellPath = /bin/sh;
			shellScript = "\"${SRCROOT}/Pods/Target Support Files/Pods-yanshaniOSUITests/Pods-yanshaniOSUITests-frameworks.sh\"\n";
			showEnvVarsInLog = 0;
		};
		967FFFCB247A4972FB1F5A8F /* [CP] Embed Pods Frameworks */ = {
			isa = PBXShellScriptBuildPhase;
			buildActionMask = 2147483647;
			files = (
			);
			inputPaths = (
			);
			name = "[CP] Embed Pods Frameworks";
			outputPaths = (
			);
			runOnlyForDeploymentPostprocessing = 0;
			shellPath = /bin/sh;
			shellScript = "\"${SRCROOT}/Pods/Target Support Files/Pods-yanshaniOSTests/Pods-yanshaniOSTests-frameworks.sh\"\n";
			showEnvVarsInLog = 0;
		};
		AC3AE6E41BA889801481D589 /* [CP] Copy Pods Resources */ = {
			isa = PBXShellScriptBuildPhase;
			buildActionMask = 2147483647;
			files = (
			);
			inputPaths = (
			);
			name = "[CP] Copy Pods Resources";
			outputPaths = (
			);
			runOnlyForDeploymentPostprocessing = 0;
			shellPath = /bin/sh;
			shellScript = "\"${SRCROOT}/Pods/Target Support Files/Pods-yanshaniOSUITests/Pods-yanshaniOSUITests-resources.sh\"\n";
			showEnvVarsInLog = 0;
		};
		B4BA243AA4955FACD8D9FC1B /* [CP] Check Pods Manifest.lock */ = {
			isa = PBXShellScriptBuildPhase;
			buildActionMask = 2147483647;
			files = (
			);
			inputPaths = (
			);
			name = "[CP] Check Pods Manifest.lock";
			outputPaths = (
			);
			runOnlyForDeploymentPostprocessing = 0;
			shellPath = /bin/sh;
			shellScript = "diff \"${PODS_PODFILE_DIR_PATH}/Podfile.lock\" \"${PODS_ROOT}/Manifest.lock\" > /dev/null\nif [ $? != 0 ] ; then\n    # print error to STDERR\n    echo \"error: The sandbox is not in sync with the Podfile.lock. Run 'pod install' or update your CocoaPods installation.\" >&2\n    exit 1\nfi\n";
			showEnvVarsInLog = 0;
		};
		E39C9E8FAB52F8ACE40CC282 /* [CP] Embed Pods Frameworks */ = {
			isa = PBXShellScriptBuildPhase;
			buildActionMask = 2147483647;
			files = (
			);
			inputPaths = (
			);
			name = "[CP] Embed Pods Frameworks";
			outputPaths = (
			);
			runOnlyForDeploymentPostprocessing = 0;
			shellPath = /bin/sh;
			shellScript = "\"${SRCROOT}/Pods/Target Support Files/Pods-yanshaniOS/Pods-yanshaniOS-frameworks.sh\"\n";
			showEnvVarsInLog = 0;
		};
/* End PBXShellScriptBuildPhase section */

/* Begin PBXSourcesBuildPhase section */
		643D25911F77FE630034131C /* Sources */ = {
			isa = PBXSourcesBuildPhase;
			buildActionMask = 2147483647;
			files = (
				64BDEAF71FC1BFF20036CD8E /* YSQianDaoViewController.m in Sources */,
				641B40971F8A3B0500BF029E /* FSPageViewLayout.swift in Sources */,
				641B40921F8A3B0500BF029E /* FSPageControl.swift in Sources */,
				64BDEA9C1FC104290036CD8E /* YSBaseTableView.m in Sources */,
				641B40931F8A3B0500BF029E /* FSPagerCollectionView.swift in Sources */,
				643D259D1F77FE640034131C /* AppDelegate.m in Sources */,
				641B40941F8A3B0500BF029E /* FSPagerView.swift in Sources */,
				641B3FED1F850F8A00BF029E /* YSHomeViewController.m in Sources */,
				643D259A1F77FE640034131C /* main.m in Sources */,
				641B409F1F8D0EB000BF029E /* YSClassViewController.m in Sources */,
				64BDEA991FC104110036CD8E /* YSBaseView.m in Sources */,
				641B3FF81F85119E00BF029E /* YSRecordViewController.m in Sources */,
				64BDEAE51FC1A5EC0036CD8E /* YSUserSettingViewController.m in Sources */,
				641B40961F8A3B0500BF029E /* FSPagerViewLayoutAttributes.swift in Sources */,
				641B3FE91F850EE600BF029E /* YSBaseViewController.m in Sources */,
				641B409C1F8BA93500BF029E /* YSHomeReusableView.m in Sources */,
				64BDEAA21FC1045E0036CD8E /* YSBaseScrollView.m in Sources */,
				641B40051F89C69000BF029E /* YSNewsViewCell.m in Sources */,
				64BDEAED1FC1BBE80036CD8E /* UIViewController+YSCustomNavigationBar.m in Sources */,
				641B40021F89C68100BF029E /* YSClassViewCell.m in Sources */,
				641B3FFB1F8511AC00BF029E /* YSMeViewController.m in Sources */,
				64BDEAB01FC110190036CD8E /* YSLoginViewController.m in Sources */,
				64BDEADB1FC1A3FB0036CD8E /* YSTableViewController.m in Sources */,
				641B40951F8A3B0500BF029E /* FSPagerViewCell.swift in Sources */,
				641B40A21F8D0F8700BF029E /* YSClassDetailViewController.m in Sources */,
				641B3FF51F85119300BF029E /* YSShopViewController.m in Sources */,
				64BDEAEA1FC1BA510036CD8E /* UITableViewCell+YSCustomCell.m in Sources */,
				641B40981F8A3B0500BF029E /* FSPageViewTransformer.swift in Sources */,
				641B3FFE1F88BEEE00BF029E /* YSCommonViewController.m in Sources */,
				64BDEA9F1FC104440036CD8E /* YSBaseCollectionView.m in Sources */,
			);
			runOnlyForDeploymentPostprocessing = 0;
		};
		643D25AA1F77FE640034131C /* Sources */ = {
			isa = PBXSourcesBuildPhase;
			buildActionMask = 2147483647;
			files = (
				643D25B31F77FE640034131C /* yanshaniOSTests.m in Sources */,
			);
			runOnlyForDeploymentPostprocessing = 0;
		};
		643D25B51F77FE640034131C /* Sources */ = {
			isa = PBXSourcesBuildPhase;
			buildActionMask = 2147483647;
			files = (
				643D25BE1F77FE640034131C /* yanshaniOSUITests.m in Sources */,
			);
			runOnlyForDeploymentPostprocessing = 0;
		};
/* End PBXSourcesBuildPhase section */

/* Begin PBXTargetDependency section */
		643D25B01F77FE640034131C /* PBXTargetDependency */ = {
			isa = PBXTargetDependency;
			target = 643D25941F77FE630034131C /* yanshaniOS */;
			targetProxy = 643D25AF1F77FE640034131C /* PBXContainerItemProxy */;
		};
		643D25BB1F77FE640034131C /* PBXTargetDependency */ = {
			isa = PBXTargetDependency;
			target = 643D25941F77FE630034131C /* yanshaniOS */;
			targetProxy = 643D25BA1F77FE640034131C /* PBXContainerItemProxy */;
		};
/* End PBXTargetDependency section */

/* Begin PBXVariantGroup section */
		643D25A11F77FE640034131C /* Main.storyboard */ = {
			isa = PBXVariantGroup;
			children = (
				643D25A21F77FE640034131C /* Base */,
			);
			name = Main.storyboard;
			sourceTree = "<group>";
		};
		643D25A61F77FE640034131C /* LaunchScreen.storyboard */ = {
			isa = PBXVariantGroup;
			children = (
				643D25A71F77FE640034131C /* Base */,
			);
			name = LaunchScreen.storyboard;
			sourceTree = "<group>";
		};
/* End PBXVariantGroup section */

/* Begin XCBuildConfiguration section */
		643D25C01F77FE640034131C /* Debug */ = {
			isa = XCBuildConfiguration;
			buildSettings = {
				ALWAYS_SEARCH_USER_PATHS = NO;
				CLANG_ANALYZER_NONNULL = YES;
				CLANG_ANALYZER_NUMBER_OBJECT_CONVERSION = YES_AGGRESSIVE;
				CLANG_CXX_LANGUAGE_STANDARD = "gnu++0x";
				CLANG_CXX_LIBRARY = "libc++";
				CLANG_ENABLE_MODULES = YES;
				CLANG_ENABLE_OBJC_ARC = YES;
				CLANG_WARN_BOOL_CONVERSION = YES;
				CLANG_WARN_CONSTANT_CONVERSION = YES;
				CLANG_WARN_DIRECT_OBJC_ISA_USAGE = YES_ERROR;
				CLANG_WARN_DOCUMENTATION_COMMENTS = YES;
				CLANG_WARN_EMPTY_BODY = YES;
				CLANG_WARN_ENUM_CONVERSION = YES;
				CLANG_WARN_INFINITE_RECURSION = YES;
				CLANG_WARN_INT_CONVERSION = YES;
				CLANG_WARN_OBJC_ROOT_CLASS = YES_ERROR;
				CLANG_WARN_SUSPICIOUS_MOVE = YES;
				CLANG_WARN_UNREACHABLE_CODE = YES;
				CLANG_WARN__DUPLICATE_METHOD_MATCH = YES;
				"CODE_SIGN_IDENTITY[sdk=iphoneos*]" = "iPhone Developer";
				COPY_PHASE_STRIP = NO;
				DEBUG_INFORMATION_FORMAT = dwarf;
				ENABLE_STRICT_OBJC_MSGSEND = YES;
				ENABLE_TESTABILITY = YES;
				GCC_C_LANGUAGE_STANDARD = gnu99;
				GCC_DYNAMIC_NO_PIC = NO;
				GCC_NO_COMMON_BLOCKS = YES;
				GCC_OPTIMIZATION_LEVEL = 0;
				GCC_PREPROCESSOR_DEFINITIONS = (
					"DEBUG=1",
					"$(inherited)",
				);
				GCC_WARN_64_TO_32_BIT_CONVERSION = YES;
				GCC_WARN_ABOUT_RETURN_TYPE = YES_ERROR;
				GCC_WARN_UNDECLARED_SELECTOR = YES;
				GCC_WARN_UNINITIALIZED_AUTOS = YES_AGGRESSIVE;
				GCC_WARN_UNUSED_FUNCTION = YES;
				GCC_WARN_UNUSED_VARIABLE = YES;
				IPHONEOS_DEPLOYMENT_TARGET = 10.3;
				MTL_ENABLE_DEBUG_INFO = YES;
				ONLY_ACTIVE_ARCH = YES;
				SDKROOT = iphoneos;
				TARGETED_DEVICE_FAMILY = "1,2";
			};
			name = Debug;
		};
		643D25C11F77FE640034131C /* Release */ = {
			isa = XCBuildConfiguration;
			buildSettings = {
				ALWAYS_SEARCH_USER_PATHS = NO;
				CLANG_ANALYZER_NONNULL = YES;
				CLANG_ANALYZER_NUMBER_OBJECT_CONVERSION = YES_AGGRESSIVE;
				CLANG_CXX_LANGUAGE_STANDARD = "gnu++0x";
				CLANG_CXX_LIBRARY = "libc++";
				CLANG_ENABLE_MODULES = YES;
				CLANG_ENABLE_OBJC_ARC = YES;
				CLANG_WARN_BOOL_CONVERSION = YES;
				CLANG_WARN_CONSTANT_CONVERSION = YES;
				CLANG_WARN_DIRECT_OBJC_ISA_USAGE = YES_ERROR;
				CLANG_WARN_DOCUMENTATION_COMMENTS = YES;
				CLANG_WARN_EMPTY_BODY = YES;
				CLANG_WARN_ENUM_CONVERSION = YES;
				CLANG_WARN_INFINITE_RECURSION = YES;
				CLANG_WARN_INT_CONVERSION = YES;
				CLANG_WARN_OBJC_ROOT_CLASS = YES_ERROR;
				CLANG_WARN_SUSPICIOUS_MOVE = YES;
				CLANG_WARN_UNREACHABLE_CODE = YES;
				CLANG_WARN__DUPLICATE_METHOD_MATCH = YES;
				"CODE_SIGN_IDENTITY[sdk=iphoneos*]" = "iPhone Developer";
				COPY_PHASE_STRIP = NO;
				DEBUG_INFORMATION_FORMAT = "dwarf-with-dsym";
				ENABLE_NS_ASSERTIONS = NO;
				ENABLE_STRICT_OBJC_MSGSEND = YES;
				GCC_C_LANGUAGE_STANDARD = gnu99;
				GCC_NO_COMMON_BLOCKS = YES;
				GCC_WARN_64_TO_32_BIT_CONVERSION = YES;
				GCC_WARN_ABOUT_RETURN_TYPE = YES_ERROR;
				GCC_WARN_UNDECLARED_SELECTOR = YES;
				GCC_WARN_UNINITIALIZED_AUTOS = YES_AGGRESSIVE;
				GCC_WARN_UNUSED_FUNCTION = YES;
				GCC_WARN_UNUSED_VARIABLE = YES;
				IPHONEOS_DEPLOYMENT_TARGET = 10.3;
				MTL_ENABLE_DEBUG_INFO = NO;
				SDKROOT = iphoneos;
				TARGETED_DEVICE_FAMILY = "1,2";
				VALIDATE_PRODUCT = YES;
			};
			name = Release;
		};
		643D25C31F77FE640034131C /* Debug */ = {
			isa = XCBuildConfiguration;
			baseConfigurationReference = F37D78C9F7746F55FA38638B /* Pods-yanshaniOS.debug.xcconfig */;
			buildSettings = {
				ALWAYS_EMBED_SWIFT_STANDARD_LIBRARIES = NO;
				ASSETCATALOG_COMPILER_APPICON_NAME = AppIcon;
				CLANG_ENABLE_MODULES = YES;
				DEFINES_MODULE = YES;
				DEVELOPMENT_TEAM = W2DLPX35T5;
				GCC_PRECOMPILE_PREFIX_HEADER = YES;
				GCC_PREFIX_HEADER = "yanshaniOS/Yanshan-Prefix.pch";
				INFOPLIST_FILE = yanshaniOS/Info.plist;
				IPHONEOS_DEPLOYMENT_TARGET = 8.0;
				LD_RUNPATH_SEARCH_PATHS = "$(inherited) @executable_path/Frameworks";
				NEW_SETTING = "";
				PRODUCT_BUNDLE_IDENTIFIER = com.jia.dai.yanshaniOS;
				PRODUCT_NAME = "$(TARGET_NAME)";
				SWIFT_OBJC_BRIDGING_HEADER = "/Users/daijian/Desktop/燕山app/yanshaniOS/yanshaniOS/yanshaniOS-Bridging-Header.h";
				SWIFT_OPTIMIZATION_LEVEL = "-Onone";
				SWIFT_VERSION = 3.0;
			};
			name = Debug;
		};
		643D25C41F77FE640034131C /* Release */ = {
			isa = XCBuildConfiguration;
			baseConfigurationReference = FE772C784DB5C9FB0F3E3D3E /* Pods-yanshaniOS.release.xcconfig */;
			buildSettings = {
				ALWAYS_EMBED_SWIFT_STANDARD_LIBRARIES = NO;
				ASSETCATALOG_COMPILER_APPICON_NAME = AppIcon;
				CLANG_ENABLE_MODULES = YES;
				DEFINES_MODULE = YES;
				DEVELOPMENT_TEAM = W2DLPX35T5;
				GCC_PRECOMPILE_PREFIX_HEADER = YES;
				GCC_PREFIX_HEADER = "yanshaniOS/Yanshan-Prefix.pch";
				INFOPLIST_FILE = yanshaniOS/Info.plist;
				IPHONEOS_DEPLOYMENT_TARGET = 8.0;
				LD_RUNPATH_SEARCH_PATHS = "$(inherited) @executable_path/Frameworks";
				NEW_SETTING = "";
				PRODUCT_BUNDLE_IDENTIFIER = com.jia.dai.yanshaniOS;
				PRODUCT_NAME = "$(TARGET_NAME)";
				SWIFT_OBJC_BRIDGING_HEADER = "/Users/daijian/Desktop/燕山app/yanshaniOS/yanshaniOS/yanshaniOS-Bridging-Header.h";
				SWIFT_VERSION = 3.0;
			};
			name = Release;
		};
		643D25C61F77FE640034131C /* Debug */ = {
			isa = XCBuildConfiguration;
			baseConfigurationReference = C621339A46FED1F152EFC8CB /* Pods-yanshaniOSTests.debug.xcconfig */;
			buildSettings = {
				ALWAYS_EMBED_SWIFT_STANDARD_LIBRARIES = YES;
				BUNDLE_LOADER = "$(TEST_HOST)";
				DEVELOPMENT_TEAM = W2DLPX35T5;
				INFOPLIST_FILE = yanshaniOSTests/Info.plist;
				LD_RUNPATH_SEARCH_PATHS = "$(inherited) @executable_path/Frameworks @loader_path/Frameworks";
				PRODUCT_BUNDLE_IDENTIFIER = com.jia.dai.yanshaniOSTests;
				PRODUCT_NAME = "$(TARGET_NAME)";
				TEST_HOST = "$(BUILT_PRODUCTS_DIR)/yanshaniOS.app/yanshaniOS";
			};
			name = Debug;
		};
		643D25C71F77FE640034131C /* Release */ = {
			isa = XCBuildConfiguration;
			baseConfigurationReference = 79D74883B565E8E20D168652 /* Pods-yanshaniOSTests.release.xcconfig */;
			buildSettings = {
				ALWAYS_EMBED_SWIFT_STANDARD_LIBRARIES = YES;
				BUNDLE_LOADER = "$(TEST_HOST)";
				DEVELOPMENT_TEAM = W2DLPX35T5;
				INFOPLIST_FILE = yanshaniOSTests/Info.plist;
				LD_RUNPATH_SEARCH_PATHS = "$(inherited) @executable_path/Frameworks @loader_path/Frameworks";
				PRODUCT_BUNDLE_IDENTIFIER = com.jia.dai.yanshaniOSTests;
				PRODUCT_NAME = "$(TARGET_NAME)";
				TEST_HOST = "$(BUILT_PRODUCTS_DIR)/yanshaniOS.app/yanshaniOS";
			};
			name = Release;
		};
		643D25C91F77FE640034131C /* Debug */ = {
			isa = XCBuildConfiguration;
			baseConfigurationReference = DBCE5C714E859E4256A7DDF6 /* Pods-yanshaniOSUITests.debug.xcconfig */;
			buildSettings = {
				ALWAYS_EMBED_SWIFT_STANDARD_LIBRARIES = YES;
				DEVELOPMENT_TEAM = W2DLPX35T5;
				INFOPLIST_FILE = yanshaniOSUITests/Info.plist;
				LD_RUNPATH_SEARCH_PATHS = "$(inherited) @executable_path/Frameworks @loader_path/Frameworks";
				PRODUCT_BUNDLE_IDENTIFIER = com.jia.dai.yanshaniOSUITests;
				PRODUCT_NAME = "$(TARGET_NAME)";
				TEST_TARGET_NAME = yanshaniOS;
			};
			name = Debug;
		};
		643D25CA1F77FE640034131C /* Release */ = {
			isa = XCBuildConfiguration;
			baseConfigurationReference = 3E8A9A68D17669E0E9873C98 /* Pods-yanshaniOSUITests.release.xcconfig */;
			buildSettings = {
				ALWAYS_EMBED_SWIFT_STANDARD_LIBRARIES = YES;
				DEVELOPMENT_TEAM = W2DLPX35T5;
				INFOPLIST_FILE = yanshaniOSUITests/Info.plist;
				LD_RUNPATH_SEARCH_PATHS = "$(inherited) @executable_path/Frameworks @loader_path/Frameworks";
				PRODUCT_BUNDLE_IDENTIFIER = com.jia.dai.yanshaniOSUITests;
				PRODUCT_NAME = "$(TARGET_NAME)";
				TEST_TARGET_NAME = yanshaniOS;
			};
			name = Release;
		};
/* End XCBuildConfiguration section */

/* Begin XCConfigurationList section */
		643D25901F77FE630034131C /* Build configuration list for PBXProject "yanshaniOS" */ = {
			isa = XCConfigurationList;
			buildConfigurations = (
				643D25C01F77FE640034131C /* Debug */,
				643D25C11F77FE640034131C /* Release */,
			);
			defaultConfigurationIsVisible = 0;
			defaultConfigurationName = Release;
		};
		643D25C21F77FE640034131C /* Build configuration list for PBXNativeTarget "yanshaniOS" */ = {
			isa = XCConfigurationList;
			buildConfigurations = (
				643D25C31F77FE640034131C /* Debug */,
				643D25C41F77FE640034131C /* Release */,
			);
			defaultConfigurationIsVisible = 0;
			defaultConfigurationName = Release;
		};
		643D25C51F77FE640034131C /* Build configuration list for PBXNativeTarget "yanshaniOSTests" */ = {
			isa = XCConfigurationList;
			buildConfigurations = (
				643D25C61F77FE640034131C /* Debug */,
				643D25C71F77FE640034131C /* Release */,
			);
			defaultConfigurationIsVisible = 0;
			defaultConfigurationName = Release;
		};
		643D25C81F77FE640034131C /* Build configuration list for PBXNativeTarget "yanshaniOSUITests" */ = {
			isa = XCConfigurationList;
			buildConfigurations = (
				643D25C91F77FE640034131C /* Debug */,
				643D25CA1F77FE640034131C /* Release */,
			);
			defaultConfigurationIsVisible = 0;
			defaultConfigurationName = Release;
		};
/* End XCConfigurationList section */
	};
	rootObject = 643D258D1F77FE630034131C /* Project object */;
}
